
Microsoft Visual Studio Solution File, Format Version 12.00
# Visual Studio 15
VisualStudioVersion = 15.0.28307.572
MinimumVisualStudioVersion = 10.0.40219.1
Project("{FAE04EC0-301F-11D3-BF4B-00C04F79EFBC}") = "ConsoleApp1", "ConsoleApp1\ConsoleApp1.csproj", "{470504F7-CFB2-49CE-95A7-51D3071CDDE8}"
EndProject
Global
	GlobalSection(SolutionConfigurationPlatforms) = preSolution
		Debug|Any CPU = Debug|Any CPU
		Release|Any CPU = Release|Any CPU
	EndGlobalSection
	GlobalSection(ProjectConfigurationPlatforms) = postSolution
		{470504F7-CFB2-49CE-95A7-51D3071CDDE8}.Debug|Any CPU.ActiveCfg = Debug|Any CPU
		{470504F7-CFB2-49CE-95A7-51D3071CDDE8}.Debug|Any CPU.Build.0 = Debug|Any CPU
		{470504F7-CFB2-49CE-95A7-51D3071CDDE8}.Release|Any CPU.ActiveCfg = Release|Any CPU
		{470504F7-CFB2-49CE-95A7-51D3071CDDE8}.Release|Any CPU.Build.0 = Release|Any CPU
	EndGlobalSection
	GlobalSection(SolutionProperties) = preSolution
		HideSolutionNode = FALSE
	EndGlobalSection
	GlobalSection(ExtensibilityGlobals) = postSolution
		SolutionGuid = {BD289C07-E3C9-47BD-A76D-18C5E148C236}
	EndGlobalSection
EndGlobal
